# THIS IS AN AUTOGENERATED FILE. DO NOT EDIT THIS FILE DIRECTLY.
# yarn lockfile v1


"@fluencelabs/aqua-lib@0.10.1":
  version "0.10.1"
  resolved "https://registry.yarnpkg.com/@fluencelabs/aqua-lib/-/aqua-lib-0.10.1.tgz#aec35df1c55cec039168121859ee2c6edb23f0bc"
  integrity sha512-zwg7faVsmUmfiV5EScVs0p+BArzJzFRfgjcigKzoxB5DvQRb64+OSs7Pmt8flSfV4iprPf1RQT9vhsDvdOsK0g==

"@fluencelabs/aqua-lib@0.9.1":
  version "0.9.1"
  resolved "https://registry.yarnpkg.com/@fluencelabs/aqua-lib/-/aqua-lib-0.9.1.tgz#0a0241c36f3ad466b3c60914df28c1cfa3d16616"
  integrity sha512-W4KBhUkFC/kb3Mvjmhpnz0vvtr1kqpV8IWTWlbitzzS1k5FhODQYP2k7ROkDyjEztg/7Bn5eunstEHr9Sxj6qA==

"@fluencelabs/spell@0.7.6":
  version "0.7.6"
  resolved "https://registry.yarnpkg.com/@fluencelabs/spell/-/spell-0.7.6.tgz#d88f0204b1c21fedee088d92ebb553a32e58eae9"
  integrity sha512-xGhB5BxOmel3MNiBJvRPmsHuvXhH0Uaje8WmnCRIskmH1fqQ/Ed7TFTtB3WruDvmBlaQTUqkkzI4JS9h5EZo7A==
  dependencies:
    "@fluencelabs/aqua-lib" "0.10.1"
